
Microsoft Visual Studio Solution File, Format Version 12.00
# Visual Studio Version 17
VisualStudioVersion = 17.10.35004.147
MinimumVisualStudioVersion = 10.0.40219.1
Project("{FAE04EC0-301F-11D3-BF4B-00C04F79EFBC}") = "PortfolioAPI", "PortfolioAPI\PortfolioAPI.csproj", "{ECEB6F29-3BD9-4E93-A8C6-022E718B654F}"
EndProject
Global
	GlobalSection(SolutionConfigurationPlatforms) = preSolution
		Debug|Any CPU = Debug|Any CPU
		Release|Any CPU = Release|Any CPU
	EndGlobalSection
	GlobalSection(ProjectConfigurationPlatforms) = postSolution
		{ECEB6F29-3BD9-4E93-A8C6-022E718B654F}.Debug|Any CPU.ActiveCfg = Debug|Any CPU
		{ECEB6F29-3BD9-4E93-A8C6-022E718B654F}.Debug|Any CPU.Build.0 = Debug|Any CPU
		{ECEB6F29-3BD9-4E93-A8C6-022E718B654F}.Release|Any CPU.ActiveCfg = Release|Any CPU
		{ECEB6F29-3BD9-4E93-A8C6-022E718B654F}.Release|Any CPU.Build.0 = Release|Any CPU
	EndGlobalSection
	GlobalSection(SolutionProperties) = preSolution
		HideSolutionNode = FALSE
	EndGlobalSection
	GlobalSection(ExtensibilityGlobals) = postSolution
		SolutionGuid = {0D8121DA-F070-4DF5-9490-2DD948FB9A22}
	EndGlobalSection
EndGlobal
